
Microsoft Visual Studio Solution File, Format Version 12.00
# Visual Studio Version 17
VisualStudioVersion = 17.5.002.0
MinimumVisualStudioVersion = 10.0.40219.1
Project("{9A19103F-16F7-4668-BE54-9A1E7A4F7556}") = "prueba", "prueba.csproj", "{BA0F4BC3-1A5D-42E2-B11F-FDA031CD3722}"
EndProject
Global
	GlobalSection(SolutionConfigurationPlatforms) = preSolution
		Debug|Any CPU = Debug|Any CPU
		Release|Any CPU = Release|Any CPU
	EndGlobalSection
	GlobalSection(ProjectConfigurationPlatforms) = postSolution
		{BA0F4BC3-1A5D-42E2-B11F-FDA031CD3722}.Debug|Any CPU.ActiveCfg = Debug|Any CPU
		{BA0F4BC3-1A5D-42E2-B11F-FDA031CD3722}.Debug|Any CPU.Build.0 = Debug|Any CPU
		{BA0F4BC3-1A5D-42E2-B11F-FDA031CD3722}.Release|Any CPU.ActiveCfg = Release|Any CPU
		{BA0F4BC3-1A5D-42E2-B11F-FDA031CD3722}.Release|Any CPU.Build.0 = Release|Any CPU
	EndGlobalSection
	GlobalSection(SolutionProperties) = preSolution
		HideSolutionNode = FALSE
	EndGlobalSection
	GlobalSection(ExtensibilityGlobals) = postSolution
		SolutionGuid = {68CFA1AF-AB6A-4523-89FD-9B6CBF16C7ED}
	EndGlobalSection
EndGlobal
